
Microsoft Visual Studio Solution File, Format Version 12.00
# Visual Studio Version 17
VisualStudioVersion = 17.8.34309.116
MinimumVisualStudioVersion = 10.0.40219.1
Project("{FAE04EC0-301F-11D3-BF4B-00C04F79EFBC}") = "CommandPatternWPF", "CommandPatternWPF.csproj", "{F69EC768-A855-4D20-867B-84DD8C60DBC4}"
EndProject
Global
	GlobalSection(SolutionConfigurationPlatforms) = preSolution
		Debug|Any CPU = Debug|Any CPU
		Release|Any CPU = Release|Any CPU
	EndGlobalSection
	GlobalSection(ProjectConfigurationPlatforms) = postSolution
		{F69EC768-A855-4D20-867B-84DD8C60DBC4}.Debug|Any CPU.ActiveCfg = Debug|Any CPU
		{F69EC768-A855-4D20-867B-84DD8C60DBC4}.Debug|Any CPU.Build.0 = Debug|Any CPU
		{F69EC768-A855-4D20-867B-84DD8C60DBC4}.Release|Any CPU.ActiveCfg = Release|Any CPU
		{F69EC768-A855-4D20-867B-84DD8C60DBC4}.Release|Any CPU.Build.0 = Release|Any CPU
	EndGlobalSection
	GlobalSection(SolutionProperties) = preSolution
		HideSolutionNode = FALSE
	EndGlobalSection
	GlobalSection(ExtensibilityGlobals) = postSolution
		SolutionGuid = {D9675E1C-E167-4918-BA8F-88EA4C97F6F4}
	EndGlobalSection
EndGlobal
